
Microsoft Visual Studio Solution File, Format Version 12.00
# Visual Studio Version 16
VisualStudioVersion = 16.0.30804.86
MinimumVisualStudioVersion = 10.0.40219.1
Project("{FAE04EC0-301F-11D3-BF4B-00C04F79EFBC}") = "Dashboard", "Dashboard\Dashboard.csproj", "{8711FC6B-F638-4897-BBCF-43246EA58D5E}"
EndProject
Project("{2150E333-8FDC-42A3-9474-1A3956D46DE8}") = "Solution Items", "Solution Items", "{4F1AF55F-888D-46ED-9C61-530916DCFBD8}"
	ProjectSection(SolutionItems) = preProject
		.editorconfig = .editorconfig
	EndProjectSection
EndProject
Global
	GlobalSection(SolutionConfigurationPlatforms) = preSolution
		Debug|Any CPU = Debug|Any CPU
		Release|Any CPU = Release|Any CPU
	EndGlobalSection
	GlobalSection(ProjectConfigurationPlatforms) = postSolution
		{8711FC6B-F638-4897-BBCF-43246EA58D5E}.Debug|Any CPU.ActiveCfg = Debug|Any CPU
		{8711FC6B-F638-4897-BBCF-43246EA58D5E}.Debug|Any CPU.Build.0 = Debug|Any CPU
		{8711FC6B-F638-4897-BBCF-43246EA58D5E}.Release|Any CPU.ActiveCfg = Release|Any CPU
		{8711FC6B-F638-4897-BBCF-43246EA58D5E}.Release|Any CPU.Build.0 = Release|Any CPU
	EndGlobalSection
	GlobalSection(SolutionProperties) = preSolution
		HideSolutionNode = FALSE
	EndGlobalSection
	GlobalSection(ExtensibilityGlobals) = postSolution
		SolutionGuid = {86DEB4FE-1ED5-47B1-BB74-C0CE428CC132}
	EndGlobalSection
EndGlobal
